
Microsoft Visual Studio Solution File, Format Version 12.00
# Visual Studio Version 17
VisualStudioVersion = 17.5.33424.131
MinimumVisualStudioVersion = 10.0.40219.1
Project("{FAE04EC0-301F-11D3-BF4B-00C04F79EFBC}") = "PruebaTecnicaFymTechnology", "PruebaTecnicaFymTechnology\PruebaTecnicaFymTechnology.csproj", "{E6239E50-FC74-454D-9931-BC6BE893BC98}"
EndProject
Project("{2150E333-8FDC-42A3-9474-1A3956D46DE8}") = "Solution Items", "Solution Items", "{0E6AF0CA-C8A6-4345-B311-3412C420870F}"
	ProjectSection(SolutionItems) = preProject
		.editorconfig = .editorconfig
	EndProjectSection
EndProject
Global
	GlobalSection(SolutionConfigurationPlatforms) = preSolution
		Debug|Any CPU = Debug|Any CPU
		Release|Any CPU = Release|Any CPU
	EndGlobalSection
	GlobalSection(ProjectConfigurationPlatforms) = postSolution
		{E6239E50-FC74-454D-9931-BC6BE893BC98}.Debug|Any CPU.ActiveCfg = Debug|Any CPU
		{E6239E50-FC74-454D-9931-BC6BE893BC98}.Debug|Any CPU.Build.0 = Debug|Any CPU
		{E6239E50-FC74-454D-9931-BC6BE893BC98}.Release|Any CPU.ActiveCfg = Release|Any CPU
		{E6239E50-FC74-454D-9931-BC6BE893BC98}.Release|Any CPU.Build.0 = Release|Any CPU
	EndGlobalSection
	GlobalSection(SolutionProperties) = preSolution
		HideSolutionNode = FALSE
	EndGlobalSection
	GlobalSection(ExtensibilityGlobals) = postSolution
		SolutionGuid = {236C4309-24E1-4155-AC1B-0158A1A7C62B}
	EndGlobalSection
EndGlobal
